
Microsoft Visual Studio Solution File, Format Version 12.00
# Visual Studio Version 17
VisualStudioVersion = 17.9.34728.123
MinimumVisualStudioVersion = 10.0.40219.1
Project("{9A19103F-16F7-4668-BE54-9A1E7A4F7556}") = "rPDU2MQTT", "rPDU2MQTT\rPDU2MQTT.csproj", "{9A53818A-4415-4C29-976C-D625454EB330}"
EndProject
Project("{2150E333-8FDC-42A3-9474-1A3956D46DE8}") = ".github", ".github", "{2E135745-EA9F-4734-90F9-68518A38A390}"
EndProject
Project("{2150E333-8FDC-42A3-9474-1A3956D46DE8}") = "workflows", "workflows", "{86F9A45C-0034-425C-9BC7-63173827CE01}"
	ProjectSection(SolutionItems) = preProject
		.github\workflows\docker-publish.yml = .github\workflows\docker-publish.yml
	EndProjectSection
EndProject
Project("{2150E333-8FDC-42A3-9474-1A3956D46DE8}") = "src", "src", "{7E6AEFD8-E44C-4EF1-99C5-94D45B9679C0}"
EndProject
Project("{2150E333-8FDC-42A3-9474-1A3956D46DE8}") = "root", "root", "{D58602A8-418C-42F1-A629-96DCD2D9B609}"
	ProjectSection(SolutionItems) = preProject
		.dockerignore = .dockerignore
		.gitattributes = .gitattributes
		.gitignore = .gitignore
		Dockerfile = Dockerfile
		LICENSE.txt = LICENSE.txt
		README.md = README.md
	EndProjectSection
EndProject
Global
	GlobalSection(SolutionConfigurationPlatforms) = preSolution
		Debug|Any CPU = Debug|Any CPU
		Release|Any CPU = Release|Any CPU
	EndGlobalSection
	GlobalSection(ProjectConfigurationPlatforms) = postSolution
		{9A53818A-4415-4C29-976C-D625454EB330}.Debug|Any CPU.ActiveCfg = Debug|Any CPU
		{9A53818A-4415-4C29-976C-D625454EB330}.Debug|Any CPU.Build.0 = Debug|Any CPU
		{9A53818A-4415-4C29-976C-D625454EB330}.Release|Any CPU.ActiveCfg = Release|Any CPU
		{9A53818A-4415-4C29-976C-D625454EB330}.Release|Any CPU.Build.0 = Release|Any CPU
	EndGlobalSection
	GlobalSection(SolutionProperties) = preSolution
		HideSolutionNode = FALSE
	EndGlobalSection
	GlobalSection(NestedProjects) = preSolution
		{9A53818A-4415-4C29-976C-D625454EB330} = {7E6AEFD8-E44C-4EF1-99C5-94D45B9679C0}
		{86F9A45C-0034-425C-9BC7-63173827CE01} = {2E135745-EA9F-4734-90F9-68518A38A390}
	EndGlobalSection
	GlobalSection(ExtensibilityGlobals) = postSolution
		SolutionGuid = {22826ED9-5C8B-4039-8116-C122A5795C87}
	EndGlobalSection
EndGlobal
